// !$*UTF8*$!
{
	archiveVersion = 1;
	classes = {
	};
	objectVersion = 50;
	objects = {

/* Begin PBXBuildFile section */
		AB0A7D2A23635C0B00A46A90 /* ConstColors.swift in Sources */ = {isa = PBXBuildFile; fileRef = AB0A7D2923635C0B00A46A90 /* ConstColors.swift */; };
		AB0A7D2D23635C6D00A46A90 /* UIColor+Hex.swift in Sources */ = {isa = PBXBuildFile; fileRef = AB0A7D2C23635C6D00A46A90 /* UIColor+Hex.swift */; };
		AB0A7D2F23635F2300A46A90 /* Gradient.swift in Sources */ = {isa = PBXBuildFile; fileRef = AB0A7D2E23635F2300A46A90 /* Gradient.swift */; };
		AB0A7D322363606F00A46A90 /* ConstsFonts.swift in Sources */ = {isa = PBXBuildFile; fileRef = AB0A7D312363606F00A46A90 /* ConstsFonts.swift */; };
		AB0A7D3423636B7900A46A90 /* ConstsAnimation.swift in Sources */ = {isa = PBXBuildFile; fileRef = AB0A7D3323636B7900A46A90 /* ConstsAnimation.swift */; };
		AB0A7D3623636B8400A46A90 /* ConstsLayout.swift in Sources */ = {isa = PBXBuildFile; fileRef = AB0A7D3523636B8400A46A90 /* ConstsLayout.swift */; };
		AB0A7D412365B38900A46A90 /* StylizingView.swift in Sources */ = {isa = PBXBuildFile; fileRef = AB0A7D402365B38900A46A90 /* StylizingView.swift */; };
		AB105BD32354B49E00472DC6 /* Style.swift in Sources */ = {isa = PBXBuildFile; fileRef = AB105BD22354B49D00472DC6 /* Style.swift */; };
		AB105BD52354B72900472DC6 /* StyleMaker.swift in Sources */ = {isa = PBXBuildFile; fileRef = AB105BD42354B72900472DC6 /* StyleMaker.swift */; };
		AB105BDB2355746800472DC6 /* DesignStartPoint.swift in Sources */ = {isa = PBXBuildFile; fileRef = AB105BDA2355746800472DC6 /* DesignStartPoint.swift */; };
		AB105BF2235576E900472DC6 /* libCommon.a in Frameworks */ = {isa = PBXBuildFile; fileRef = AB105BF1235576E900472DC6 /* libCommon.a */; };
		AB105BF4235576E900472DC6 /* libCore.a in Frameworks */ = {isa = PBXBuildFile; fileRef = AB105BF3235576E900472DC6 /* libCore.a */; };
/* End PBXBuildFile section */

/* Begin PBXCopyFilesBuildPhase section */
		AB423453233F49EE005A78A8 /* CopyFiles */ = {
			isa = PBXCopyFilesBuildPhase;
			buildActionMask = 2147483647;
			dstPath = "include/$(PRODUCT_NAME)";
			dstSubfolderSpec = 16;
			files = (
			);
			runOnlyForDeploymentPostprocessing = 0;
		};
/* End PBXCopyFilesBuildPhase section */

/* Begin PBXFileReference section */
		AB0A7D2923635C0B00A46A90 /* ConstColors.swift */ = {isa = PBXFileReference; lastKnownFileType = sourcecode.swift; path = ConstColors.swift; sourceTree = "<group>"; };
		AB0A7D2C23635C6D00A46A90 /* UIColor+Hex.swift */ = {isa = PBXFileReference; lastKnownFileType = sourcecode.swift; path = "UIColor+Hex.swift"; sourceTree = "<group>"; };
		AB0A7D2E23635F2300A46A90 /* Gradient.swift */ = {isa = PBXFileReference; lastKnownFileType = sourcecode.swift; path = Gradient.swift; sourceTree = "<group>"; };
		AB0A7D312363606F00A46A90 /* ConstsFonts.swift */ = {isa = PBXFileReference; lastKnownFileType = sourcecode.swift; path = ConstsFonts.swift; sourceTree = "<group>"; };
		AB0A7D3323636B7900A46A90 /* ConstsAnimation.swift */ = {isa = PBXFileReference; lastKnownFileType = sourcecode.swift; path = ConstsAnimation.swift; sourceTree = "<group>"; };
		AB0A7D3523636B8400A46A90 /* ConstsLayout.swift */ = {isa = PBXFileReference; lastKnownFileType = sourcecode.swift; path = ConstsLayout.swift; sourceTree = "<group>"; };
		AB0A7D402365B38900A46A90 /* StylizingView.swift */ = {isa = PBXFileReference; lastKnownFileType = sourcecode.swift; path = StylizingView.swift; sourceTree = "<group>"; };
		AB105BD22354B49D00472DC6 /* Style.swift */ = {isa = PBXFileReference; lastKnownFileType = sourcecode.swift; path = Style.swift; sourceTree = "<group>"; };
		AB105BD42354B72900472DC6 /* StyleMaker.swift */ = {isa = PBXFileReference; lastKnownFileType = sourcecode.swift; path = StyleMaker.swift; sourceTree = "<group>"; };
		AB105BDA2355746800472DC6 /* DesignStartPoint.swift */ = {isa = PBXFileReference; lastKnownFileType = sourcecode.swift; path = DesignStartPoint.swift; sourceTree = "<group>"; };
		AB105BF1235576E900472DC6 /* libCommon.a */ = {isa = PBXFileReference; explicitFileType = archive.ar; path = libCommon.a; sourceTree = BUILT_PRODUCTS_DIR; };
		AB105BF3235576E900472DC6 /* libCore.a */ = {isa = PBXFileReference; explicitFileType = archive.ar; path = libCore.a; sourceTree = BUILT_PRODUCTS_DIR; };
		AB423455233F49EE005A78A8 /* libDesign.a */ = {isa = PBXFileReference; explicitFileType = archive.ar; includeInIndex = 0; path = libDesign.a; sourceTree = BUILT_PRODUCTS_DIR; };
/* End PBXFileReference section */

/* Begin PBXFrameworksBuildPhase section */
		AB423452233F49EE005A78A8 /* Frameworks */ = {
			isa = PBXFrameworksBuildPhase;
			buildActionMask = 2147483647;
			files = (
				AB105BF4235576E900472DC6 /* libCore.a in Frameworks */,
				AB105BF2235576E900472DC6 /* libCommon.a in Frameworks */,
			);
			runOnlyForDeploymentPostprocessing = 0;
		};
/* End PBXFrameworksBuildPhase section */

/* Begin PBXGroup section */
		AB0A7D2B23635C5D00A46A90 /* Common */ = {
			isa = PBXGroup;
			children = (
				AB0A7D2C23635C6D00A46A90 /* UIColor+Hex.swift */,
				AB0A7D2E23635F2300A46A90 /* Gradient.swift */,
			);
			path = Common;
			sourceTree = "<group>";
		};
		AB0A7D302363605F00A46A90 /* consts */ = {
			isa = PBXGroup;
			children = (
				AB0A7D2923635C0B00A46A90 /* ConstColors.swift */,
				AB0A7D312363606F00A46A90 /* ConstsFonts.swift */,
				AB0A7D3323636B7900A46A90 /* ConstsAnimation.swift */,
				AB0A7D3523636B8400A46A90 /* ConstsLayout.swift */,
			);
			path = consts;
			sourceTree = "<group>";
		};
		AB105BDC2355746C00472DC6 /* Style */ = {
			isa = PBXGroup;
			children = (
				AB0A7D302363605F00A46A90 /* consts */,
				AB105BD22354B49D00472DC6 /* Style.swift */,
				AB105BD42354B72900472DC6 /* StyleMaker.swift */,
				AB0A7D402365B38900A46A90 /* StylizingView.swift */,
			);
			path = Style;
			sourceTree = "<group>";
		};
		AB105BF0235576E900472DC6 /* Frameworks */ = {
			isa = PBXGroup;
			children = (
				AB105BF1235576E900472DC6 /* libCommon.a */,
				AB105BF3235576E900472DC6 /* libCore.a */,
			);
			name = Frameworks;
			sourceTree = "<group>";
		};
		AB42344C233F49EE005A78A8 = {
			isa = PBXGroup;
			children = (
				AB42345F233F4A16005A78A8 /* Sources */,
				AB423456233F49EE005A78A8 /* Products */,
				AB105BF0235576E900472DC6 /* Frameworks */,
			);
			sourceTree = "<group>";
		};
		AB423456233F49EE005A78A8 /* Products */ = {
			isa = PBXGroup;
			children = (
				AB423455233F49EE005A78A8 /* libDesign.a */,
			);
			name = Products;
			sourceTree = "<group>";
		};
		AB42345F233F4A16005A78A8 /* Sources */ = {
			isa = PBXGroup;
			children = (
				AB0A7D2B23635C5D00A46A90 /* Common */,
				AB105BDA2355746800472DC6 /* DesignStartPoint.swift */,
				AB105BDC2355746C00472DC6 /* Style */,
			);
			path = Sources;
			sourceTree = "<group>";
		};
/* End PBXGroup section */

/* Begin PBXNativeTarget section */
		AB423454233F49EE005A78A8 /* Design */ = {
			isa = PBXNativeTarget;
			buildConfigurationList = AB42345C233F49EE005A78A8 /* Build configuration list for PBXNativeTarget "Design" */;
			buildPhases = (
				AB423451233F49EE005A78A8 /* Sources */,
				AB423452233F49EE005A78A8 /* Frameworks */,
				AB423453233F49EE005A78A8 /* CopyFiles */,
			);
			buildRules = (
			);
			dependencies = (
			);
			name = Design;
			productName = Design;
			productReference = AB423455233F49EE005A78A8 /* libDesign.a */;
			productType = "com.apple.product-type.library.static";
		};
/* End PBXNativeTarget section */

/* Begin PBXProject section */
		AB42344D233F49EE005A78A8 /* Project object */ = {
			isa = PBXProject;
			attributes = {
				LastSwiftUpdateCheck = 1100;
				LastUpgradeCheck = 1100;
				ORGANIZATIONNAME = ApostleLife;
				TargetAttributes = {
					AB423454233F49EE005A78A8 = {
						CreatedOnToolsVersion = 11.0;
					};
				};
			};
			buildConfigurationList = AB423450233F49EE005A78A8 /* Build configuration list for PBXProject "Design" */;
			compatibilityVersion = "Xcode 9.3";
			developmentRegion = en;
			hasScannedForEncodings = 0;
			knownRegions = (
				en,
				Base,
			);
			mainGroup = AB42344C233F49EE005A78A8;
			productRefGroup = AB423456233F49EE005A78A8 /* Products */;
			projectDirPath = "";
			projectRoot = "";
			targets = (
				AB423454233F49EE005A78A8 /* Design */,
			);
		};
/* End PBXProject section */

/* Begin PBXSourcesBuildPhase section */
		AB423451233F49EE005A78A8 /* Sources */ = {
			isa = PBXSourcesBuildPhase;
			buildActionMask = 2147483647;
			files = (
				AB0A7D322363606F00A46A90 /* ConstsFonts.swift in Sources */,
				AB0A7D2A23635C0B00A46A90 /* ConstColors.swift in Sources */,
				AB0A7D412365B38900A46A90 /* StylizingView.swift in Sources */,
				AB105BD52354B72900472DC6 /* StyleMaker.swift in Sources */,
				AB0A7D3423636B7900A46A90 /* ConstsAnimation.swift in Sources */,
				AB105BD32354B49E00472DC6 /* Style.swift in Sources */,
				AB0A7D2F23635F2300A46A90 /* Gradient.swift in Sources */,
				AB0A7D2D23635C6D00A46A90 /* UIColor+Hex.swift in Sources */,
				AB0A7D3623636B8400A46A90 /* ConstsLayout.swift in Sources */,
				AB105BDB2355746800472DC6 /* DesignStartPoint.swift in Sources */,
			);
			runOnlyForDeploymentPostprocessing = 0;
		};
/* End PBXSourcesBuildPhase section */

/* Begin XCBuildConfiguration section */
		AB42345A233F49EE005A78A8 /* Debug */ = {
			isa = XCBuildConfiguration;
			buildSettings = {
				ALWAYS_SEARCH_USER_PATHS = NO;
				CLANG_ANALYZER_NONNULL = YES;
				CLANG_ANALYZER_NUMBER_OBJECT_CONVERSION = YES_AGGRESSIVE;
				CLANG_CXX_LANGUAGE_STANDARD = "gnu++14";
				CLANG_CXX_LIBRARY = "libc++";
				CLANG_ENABLE_MODULES = YES;
				CLANG_ENABLE_OBJC_ARC = YES;
				CLANG_ENABLE_OBJC_WEAK = YES;
				CLANG_WARN_BLOCK_CAPTURE_AUTORELEASING = YES;
				CLANG_WARN_BOOL_CONVERSION = YES;
				CLANG_WARN_COMMA = YES;
				CLANG_WARN_CONSTANT_CONVERSION = YES;
				CLANG_WARN_DEPRECATED_OBJC_IMPLEMENTATIONS = YES;
				CLANG_WARN_DIRECT_OBJC_ISA_USAGE = YES_ERROR;
				CLANG_WARN_DOCUMENTATION_COMMENTS = YES;
				CLANG_WARN_EMPTY_BODY = YES;
				CLANG_WARN_ENUM_CONVERSION = YES;
				CLANG_WARN_INFINITE_RECURSION = YES;
				CLANG_WARN_INT_CONVERSION = YES;
				CLANG_WARN_NON_LITERAL_NULL_CONVERSION = YES;
				CLANG_WARN_OBJC_IMPLICIT_RETAIN_SELF = YES;
				CLANG_WARN_OBJC_LITERAL_CONVERSION = YES;
				CLANG_WARN_OBJC_ROOT_CLASS = YES_ERROR;
				CLANG_WARN_RANGE_LOOP_ANALYSIS = YES;
				CLANG_WARN_STRICT_PROTOTYPES = YES;
				CLANG_WARN_SUSPICIOUS_MOVE = YES;
				CLANG_WARN_UNGUARDED_AVAILABILITY = YES_AGGRESSIVE;
				CLANG_WARN_UNREACHABLE_CODE = YES;
				CLANG_WARN__DUPLICATE_METHOD_MATCH = YES;
				COPY_PHASE_STRIP = NO;
				DEBUG_INFORMATION_FORMAT = dwarf;
				ENABLE_STRICT_OBJC_MSGSEND = YES;
				ENABLE_TESTABILITY = YES;
				GCC_C_LANGUAGE_STANDARD = gnu11;
				GCC_DYNAMIC_NO_PIC = NO;
				GCC_NO_COMMON_BLOCKS = YES;
				GCC_OPTIMIZATION_LEVEL = 0;
				GCC_PREPROCESSOR_DEFINITIONS = (
					"DEBUG=1",
					"$(inherited)",
				);
				GCC_WARN_64_TO_32_BIT_CONVERSION = YES;
				GCC_WARN_ABOUT_RETURN_TYPE = YES_ERROR;
				GCC_WARN_UNDECLARED_SELECTOR = YES;
				GCC_WARN_UNINITIALIZED_AUTOS = YES_AGGRESSIVE;
				GCC_WARN_UNUSED_FUNCTION = YES;
				GCC_WARN_UNUSED_VARIABLE = YES;
				IPHONEOS_DEPLOYMENT_TARGET = 13.0;
				MTL_ENABLE_DEBUG_INFO = INCLUDE_SOURCE;
				MTL_FAST_MATH = YES;
				ONLY_ACTIVE_ARCH = YES;
				SDKROOT = iphoneos;
				SWIFT_ACTIVE_COMPILATION_CONDITIONS = DEBUG;
				SWIFT_OPTIMIZATION_LEVEL = "-Onone";
			};
			name = Debug;
		};
		AB42345B233F49EE005A78A8 /* Release */ = {
			isa = XCBuildConfiguration;
			buildSettings = {
				ALWAYS_SEARCH_USER_PATHS = NO;
				CLANG_ANALYZER_NONNULL = YES;
				CLANG_ANALYZER_NUMBER_OBJECT_CONVERSION = YES_AGGRESSIVE;
				CLANG_CXX_LANGUAGE_STANDARD = "gnu++14";
				CLANG_CXX_LIBRARY = "libc++";
				CLANG_ENABLE_MODULES = YES;
				CLANG_ENABLE_OBJC_ARC = YES;
				CLANG_ENABLE_OBJC_WEAK = YES;
				CLANG_WARN_BLOCK_CAPTURE_AUTORELEASING = YES;
				CLANG_WARN_BOOL_CONVERSION = YES;
				CLANG_WARN_COMMA = YES;
				CLANG_WARN_CONSTANT_CONVERSION = YES;
				CLANG_WARN_DEPRECATED_OBJC_IMPLEMENTATIONS = YES;
				CLANG_WARN_DIRECT_OBJC_ISA_USAGE = YES_ERROR;
				CLANG_WARN_DOCUMENTATION_COMMENTS = YES;
				CLANG_WARN_EMPTY_BODY = YES;
				CLANG_WARN_ENUM_CONVERSION = YES;
				CLANG_WARN_INFINITE_RECURSION = YES;
				CLANG_WARN_INT_CONVERSION = YES;
				CLANG_WARN_NON_LITERAL_NULL_CONVERSION = YES;
				CLANG_WARN_OBJC_IMPLICIT_RETAIN_SELF = YES;
				CLANG_WARN_OBJC_LITERAL_CONVERSION = YES;
				CLANG_WARN_OBJC_ROOT_CLASS = YES_ERROR;
				CLANG_WARN_RANGE_LOOP_ANALYSIS = YES;
				CLANG_WARN_STRICT_PROTOTYPES = YES;
				CLANG_WARN_SUSPICIOUS_MOVE = YES;
				CLANG_WARN_UNGUARDED_AVAILABILITY = YES_AGGRESSIVE;
				CLANG_WARN_UNREACHABLE_CODE = YES;
				CLANG_WARN__DUPLICATE_METHOD_MATCH = YES;
				COPY_PHASE_STRIP = NO;
				DEBUG_INFORMATION_FORMAT = "dwarf-with-dsym";
				ENABLE_NS_ASSERTIONS = NO;
				ENABLE_STRICT_OBJC_MSGSEND = YES;
				GCC_C_LANGUAGE_STANDARD = gnu11;
				GCC_NO_COMMON_BLOCKS = YES;
				GCC_WARN_64_TO_32_BIT_CONVERSION = YES;
				GCC_WARN_ABOUT_RETURN_TYPE = YES_ERROR;
				GCC_WARN_UNDECLARED_SELECTOR = YES;
				GCC_WARN_UNINITIALIZED_AUTOS = YES_AGGRESSIVE;
				GCC_WARN_UNUSED_FUNCTION = YES;
				GCC_WARN_UNUSED_VARIABLE = YES;
				IPHONEOS_DEPLOYMENT_TARGET = 13.0;
				MTL_ENABLE_DEBUG_INFO = NO;
				MTL_FAST_MATH = YES;
				SDKROOT = iphoneos;
				SWIFT_COMPILATION_MODE = wholemodule;
				SWIFT_OPTIMIZATION_LEVEL = "-O";
				VALIDATE_PRODUCT = YES;
			};
			name = Release;
		};
		AB42345D233F49EE005A78A8 /* Debug */ = {
			isa = XCBuildConfiguration;
			buildSettings = {
				CODE_SIGN_STYLE = Automatic;
				OTHER_LDFLAGS = "-ObjC";
				PRODUCT_NAME = "$(TARGET_NAME)";
				SKIP_INSTALL = YES;
				SWIFT_VERSION = 5.0;
				TARGETED_DEVICE_FAMILY = "1,2";
			};
			name = Debug;
		};
		AB42345E233F49EE005A78A8 /* Release */ = {
			isa = XCBuildConfiguration;
			buildSettings = {
				CODE_SIGN_STYLE = Automatic;
				OTHER_LDFLAGS = "-ObjC";
				PRODUCT_NAME = "$(TARGET_NAME)";
				SKIP_INSTALL = YES;
				SWIFT_VERSION = 5.0;
				TARGETED_DEVICE_FAMILY = "1,2";
			};
			name = Release;
		};
/* End XCBuildConfiguration section */

/* Begin XCConfigurationList section */
		AB423450233F49EE005A78A8 /* Build configuration list for PBXProject "Design" */ = {
			isa = XCConfigurationList;
			buildConfigurations = (
				AB42345A233F49EE005A78A8 /* Debug */,
				AB42345B233F49EE005A78A8 /* Release */,
			);
			defaultConfigurationIsVisible = 0;
			defaultConfigurationName = Release;
		};
		AB42345C233F49EE005A78A8 /* Build configuration list for PBXNativeTarget "Design" */ = {
			isa = XCConfigurationList;
			buildConfigurations = (
				AB42345D233F49EE005A78A8 /* Debug */,
				AB42345E233F49EE005A78A8 /* Release */,
			);
			defaultConfigurationIsVisible = 0;
			defaultConfigurationName = Release;
		};
/* End XCConfigurationList section */
	};
	rootObject = AB42344D233F49EE005A78A8 /* Project object */;
}
