// !$*UTF8*$!
{
	archiveVersion = 1;
	classes = {
	};
	objectVersion = 52;
	objects = {

/* Begin PBXBuildFile section */
		AB0BBF2D233A86060082DDC6 /* libCommon.a in Frameworks */ = {isa = PBXBuildFile; fileRef = AB0BBF2C233A86060082DDC6 /* libCommon.a */; };
		AB0D8B832341071400CC5579 /* DITranquillity in Frameworks */ = {isa = PBXBuildFile; productRef = AB0D8B822341071400CC5579 /* DITranquillity */; };
		AB0D8B88234265F400CC5579 /* UIModuleName.swift in Sources */ = {isa = PBXBuildFile; fileRef = AB0D8B87234265F400CC5579 /* UIModuleName.swift */; };
		AB0D8B9223426D4600CC5579 /* CoreStartPoint.swift in Sources */ = {isa = PBXBuildFile; fileRef = AB0D8B9123426D4600CC5579 /* CoreStartPoint.swift */; };
		AB32FA9F2337D237002B8F1B /* IRouter.swift in Sources */ = {isa = PBXBuildFile; fileRef = AB32FA9B2337D1FB002B8F1B /* IRouter.swift */; };
		AB32FAA42337D267002B8F1B /* DeepLink.swift in Sources */ = {isa = PBXBuildFile; fileRef = AB32FAA32337D267002B8F1B /* DeepLink.swift */; };
		AB32FAA62337D296002B8F1B /* RoutingParamaters.swift in Sources */ = {isa = PBXBuildFile; fileRef = AB32FAA52337D296002B8F1B /* RoutingParamaters.swift */; };
		AB32FAB52339309F002B8F1B /* UIStartPoint.swift in Sources */ = {isa = PBXBuildFile; fileRef = AB32FAB42339309F002B8F1B /* UIStartPoint.swift */; };
		AB32FAB723393139002B8F1B /* CommonStartPoint.swift in Sources */ = {isa = PBXBuildFile; fileRef = AB32FAB623393139002B8F1B /* CommonStartPoint.swift */; };
/* End PBXBuildFile section */

/* Begin PBXCopyFilesBuildPhase section */
		AB32FA892337D159002B8F1B /* CopyFiles */ = {
			isa = PBXCopyFilesBuildPhase;
			buildActionMask = 2147483647;
			dstPath = "include/$(PRODUCT_NAME)";
			dstSubfolderSpec = 16;
			files = (
			);
			runOnlyForDeploymentPostprocessing = 0;
		};
/* End PBXCopyFilesBuildPhase section */

/* Begin PBXFileReference section */
		AB0BBF1D233A85100082DDC6 /* DITranquillity.framework */ = {isa = PBXFileReference; explicitFileType = wrapper.framework; path = DITranquillity.framework; sourceTree = BUILT_PRODUCTS_DIR; };
		AB0BBF1F233A85210082DDC6 /* SwiftLazy.framework */ = {isa = PBXFileReference; explicitFileType = wrapper.framework; path = SwiftLazy.framework; sourceTree = BUILT_PRODUCTS_DIR; };
		AB0BBF2C233A86060082DDC6 /* libCommon.a */ = {isa = PBXFileReference; explicitFileType = archive.ar; path = libCommon.a; sourceTree = BUILT_PRODUCTS_DIR; };
		AB0D8B87234265F400CC5579 /* UIModuleName.swift */ = {isa = PBXFileReference; lastKnownFileType = sourcecode.swift; path = UIModuleName.swift; sourceTree = "<group>"; };
		AB0D8B9123426D4600CC5579 /* CoreStartPoint.swift */ = {isa = PBXFileReference; lastKnownFileType = sourcecode.swift; path = CoreStartPoint.swift; sourceTree = "<group>"; };
		AB32FA8B2337D159002B8F1B /* libCore.a */ = {isa = PBXFileReference; explicitFileType = archive.ar; includeInIndex = 0; path = libCore.a; sourceTree = BUILT_PRODUCTS_DIR; };
		AB32FA9B2337D1FB002B8F1B /* IRouter.swift */ = {isa = PBXFileReference; lastKnownFileType = sourcecode.swift; path = IRouter.swift; sourceTree = "<group>"; };
		AB32FAA32337D267002B8F1B /* DeepLink.swift */ = {isa = PBXFileReference; lastKnownFileType = sourcecode.swift; path = DeepLink.swift; sourceTree = "<group>"; };
		AB32FAA52337D296002B8F1B /* RoutingParamaters.swift */ = {isa = PBXFileReference; lastKnownFileType = sourcecode.swift; path = RoutingParamaters.swift; sourceTree = "<group>"; };
		AB32FAB42339309F002B8F1B /* UIStartPoint.swift */ = {isa = PBXFileReference; lastKnownFileType = sourcecode.swift; path = UIStartPoint.swift; sourceTree = "<group>"; };
		AB32FAB623393139002B8F1B /* CommonStartPoint.swift */ = {isa = PBXFileReference; lastKnownFileType = sourcecode.swift; path = CommonStartPoint.swift; sourceTree = "<group>"; };
/* End PBXFileReference section */

/* Begin PBXFrameworksBuildPhase section */
		AB32FA882337D159002B8F1B /* Frameworks */ = {
			isa = PBXFrameworksBuildPhase;
			buildActionMask = 2147483647;
			files = (
				AB0BBF2D233A86060082DDC6 /* libCommon.a in Frameworks */,
				AB0D8B832341071400CC5579 /* DITranquillity in Frameworks */,
			);
			runOnlyForDeploymentPostprocessing = 0;
		};
/* End PBXFrameworksBuildPhase section */

/* Begin PBXGroup section */
		AB0BBF1C233A85100082DDC6 /* Frameworks */ = {
			isa = PBXGroup;
			children = (
				AB0BBF2C233A86060082DDC6 /* libCommon.a */,
				AB0BBF1F233A85210082DDC6 /* SwiftLazy.framework */,
				AB0BBF1D233A85100082DDC6 /* DITranquillity.framework */,
			);
			name = Frameworks;
			sourceTree = "<group>";
		};
		AB32FA822337D159002B8F1B = {
			isa = PBXGroup;
			children = (
				AB32FA952337D1D2002B8F1B /* Sources */,
				AB32FA8C2337D159002B8F1B /* Products */,
				AB0BBF1C233A85100082DDC6 /* Frameworks */,
			);
			sourceTree = "<group>";
		};
		AB32FA8C2337D159002B8F1B /* Products */ = {
			isa = PBXGroup;
			children = (
				AB32FA8B2337D159002B8F1B /* libCore.a */,
			);
			name = Products;
			sourceTree = "<group>";
		};
		AB32FA952337D1D2002B8F1B /* Sources */ = {
			isa = PBXGroup;
			children = (
				AB0D8B9123426D4600CC5579 /* CoreStartPoint.swift */,
				AB32FAAD23392B8A002B8F1B /* module_initialization */,
				AB32FAA22337D243002B8F1B /* deeplinks */,
				AB32FA9D2337D1FB002B8F1B /* routing */,
			);
			path = Sources;
			sourceTree = "<group>";
		};
		AB32FA9D2337D1FB002B8F1B /* routing */ = {
			isa = PBXGroup;
			children = (
				AB32FA9B2337D1FB002B8F1B /* IRouter.swift */,
				AB32FAA52337D296002B8F1B /* RoutingParamaters.swift */,
			);
			path = routing;
			sourceTree = "<group>";
		};
		AB32FAA22337D243002B8F1B /* deeplinks */ = {
			isa = PBXGroup;
			children = (
				AB32FAA32337D267002B8F1B /* DeepLink.swift */,
			);
			path = deeplinks;
			sourceTree = "<group>";
		};
		AB32FAAD23392B8A002B8F1B /* module_initialization */ = {
			isa = PBXGroup;
			children = (
				AB32FAB42339309F002B8F1B /* UIStartPoint.swift */,
				AB0D8B87234265F400CC5579 /* UIModuleName.swift */,
				AB32FAB623393139002B8F1B /* CommonStartPoint.swift */,
			);
			path = module_initialization;
			sourceTree = "<group>";
		};
/* End PBXGroup section */

/* Begin PBXNativeTarget section */
		AB32FA8A2337D159002B8F1B /* Core */ = {
			isa = PBXNativeTarget;
			buildConfigurationList = AB32FA922337D159002B8F1B /* Build configuration list for PBXNativeTarget "Core" */;
			buildPhases = (
				AB32FA872337D159002B8F1B /* Sources */,
				AB32FA882337D159002B8F1B /* Frameworks */,
				AB32FA892337D159002B8F1B /* CopyFiles */,
			);
			buildRules = (
			);
			dependencies = (
			);
			name = Core;
			packageProductDependencies = (
				AB0D8B822341071400CC5579 /* DITranquillity */,
			);
			productName = Core;
			productReference = AB32FA8B2337D159002B8F1B /* libCore.a */;
			productType = "com.apple.product-type.library.static";
		};
/* End PBXNativeTarget section */

/* Begin PBXProject section */
		AB32FA832337D159002B8F1B /* Project object */ = {
			isa = PBXProject;
			attributes = {
				LastSwiftUpdateCheck = 1100;
				LastUpgradeCheck = 1100;
				ORGANIZATIONNAME = ApostleLife;
				TargetAttributes = {
					AB32FA8A2337D159002B8F1B = {
						CreatedOnToolsVersion = 11.0;
					};
				};
			};
			buildConfigurationList = AB32FA862337D159002B8F1B /* Build configuration list for PBXProject "Core" */;
			compatibilityVersion = "Xcode 9.3";
			developmentRegion = en;
			hasScannedForEncodings = 0;
			knownRegions = (
				en,
				Base,
			);
			mainGroup = AB32FA822337D159002B8F1B;
			packageReferences = (
				AB0D8B812341071400CC5579 /* XCRemoteSwiftPackageReference "DITranquillity" */,
			);
			productRefGroup = AB32FA8C2337D159002B8F1B /* Products */;
			projectDirPath = "";
			projectRoot = "";
			targets = (
				AB32FA8A2337D159002B8F1B /* Core */,
			);
		};
/* End PBXProject section */

/* Begin PBXSourcesBuildPhase section */
		AB32FA872337D159002B8F1B /* Sources */ = {
			isa = PBXSourcesBuildPhase;
			buildActionMask = 2147483647;
			files = (
				AB32FAB723393139002B8F1B /* CommonStartPoint.swift in Sources */,
				AB32FA9F2337D237002B8F1B /* IRouter.swift in Sources */,
				AB0D8B9223426D4600CC5579 /* CoreStartPoint.swift in Sources */,
				AB32FAB52339309F002B8F1B /* UIStartPoint.swift in Sources */,
				AB32FAA42337D267002B8F1B /* DeepLink.swift in Sources */,
				AB0D8B88234265F400CC5579 /* UIModuleName.swift in Sources */,
				AB32FAA62337D296002B8F1B /* RoutingParamaters.swift in Sources */,
			);
			runOnlyForDeploymentPostprocessing = 0;
		};
/* End PBXSourcesBuildPhase section */

/* Begin XCBuildConfiguration section */
		AB32FA902337D159002B8F1B /* Debug */ = {
			isa = XCBuildConfiguration;
			buildSettings = {
				ALWAYS_SEARCH_USER_PATHS = NO;
				CLANG_ANALYZER_NONNULL = YES;
				CLANG_ANALYZER_NUMBER_OBJECT_CONVERSION = YES_AGGRESSIVE;
				CLANG_CXX_LANGUAGE_STANDARD = "gnu++14";
				CLANG_CXX_LIBRARY = "libc++";
				CLANG_ENABLE_MODULES = YES;
				CLANG_ENABLE_OBJC_ARC = YES;
				CLANG_ENABLE_OBJC_WEAK = YES;
				CLANG_WARN_BLOCK_CAPTURE_AUTORELEASING = YES;
				CLANG_WARN_BOOL_CONVERSION = YES;
				CLANG_WARN_COMMA = YES;
				CLANG_WARN_CONSTANT_CONVERSION = YES;
				CLANG_WARN_DEPRECATED_OBJC_IMPLEMENTATIONS = YES;
				CLANG_WARN_DIRECT_OBJC_ISA_USAGE = YES_ERROR;
				CLANG_WARN_DOCUMENTATION_COMMENTS = YES;
				CLANG_WARN_EMPTY_BODY = YES;
				CLANG_WARN_ENUM_CONVERSION = YES;
				CLANG_WARN_INFINITE_RECURSION = YES;
				CLANG_WARN_INT_CONVERSION = YES;
				CLANG_WARN_NON_LITERAL_NULL_CONVERSION = YES;
				CLANG_WARN_OBJC_IMPLICIT_RETAIN_SELF = YES;
				CLANG_WARN_OBJC_LITERAL_CONVERSION = YES;
				CLANG_WARN_OBJC_ROOT_CLASS = YES_ERROR;
				CLANG_WARN_RANGE_LOOP_ANALYSIS = YES;
				CLANG_WARN_STRICT_PROTOTYPES = YES;
				CLANG_WARN_SUSPICIOUS_MOVE = YES;
				CLANG_WARN_UNGUARDED_AVAILABILITY = YES_AGGRESSIVE;
				CLANG_WARN_UNREACHABLE_CODE = YES;
				CLANG_WARN__DUPLICATE_METHOD_MATCH = YES;
				COPY_PHASE_STRIP = NO;
				DEBUG_INFORMATION_FORMAT = dwarf;
				ENABLE_STRICT_OBJC_MSGSEND = YES;
				ENABLE_TESTABILITY = YES;
				FRAMEWORK_SEARCH_PATHS = "$(SRCROOT)/../ThirdParty/**";
				GCC_C_LANGUAGE_STANDARD = gnu11;
				GCC_DYNAMIC_NO_PIC = NO;
				GCC_NO_COMMON_BLOCKS = YES;
				GCC_OPTIMIZATION_LEVEL = 0;
				GCC_PREPROCESSOR_DEFINITIONS = (
					"DEBUG=1",
					"$(inherited)",
				);
				GCC_WARN_64_TO_32_BIT_CONVERSION = YES;
				GCC_WARN_ABOUT_RETURN_TYPE = YES_ERROR;
				GCC_WARN_UNDECLARED_SELECTOR = YES;
				GCC_WARN_UNINITIALIZED_AUTOS = YES_AGGRESSIVE;
				GCC_WARN_UNUSED_FUNCTION = YES;
				GCC_WARN_UNUSED_VARIABLE = YES;
				HEADER_SEARCH_PATHS = "$(SRCROOT)/../**";
				IPHONEOS_DEPLOYMENT_TARGET = 13.0;
				MTL_ENABLE_DEBUG_INFO = INCLUDE_SOURCE;
				MTL_FAST_MATH = YES;
				ONLY_ACTIVE_ARCH = YES;
				SDKROOT = iphoneos;
				SWIFT_ACTIVE_COMPILATION_CONDITIONS = DEBUG;
				SWIFT_OPTIMIZATION_LEVEL = "-Onone";
			};
			name = Debug;
		};
		AB32FA912337D159002B8F1B /* Release */ = {
			isa = XCBuildConfiguration;
			buildSettings = {
				ALWAYS_SEARCH_USER_PATHS = NO;
				CLANG_ANALYZER_NONNULL = YES;
				CLANG_ANALYZER_NUMBER_OBJECT_CONVERSION = YES_AGGRESSIVE;
				CLANG_CXX_LANGUAGE_STANDARD = "gnu++14";
				CLANG_CXX_LIBRARY = "libc++";
				CLANG_ENABLE_MODULES = YES;
				CLANG_ENABLE_OBJC_ARC = YES;
				CLANG_ENABLE_OBJC_WEAK = YES;
				CLANG_WARN_BLOCK_CAPTURE_AUTORELEASING = YES;
				CLANG_WARN_BOOL_CONVERSION = YES;
				CLANG_WARN_COMMA = YES;
				CLANG_WARN_CONSTANT_CONVERSION = YES;
				CLANG_WARN_DEPRECATED_OBJC_IMPLEMENTATIONS = YES;
				CLANG_WARN_DIRECT_OBJC_ISA_USAGE = YES_ERROR;
				CLANG_WARN_DOCUMENTATION_COMMENTS = YES;
				CLANG_WARN_EMPTY_BODY = YES;
				CLANG_WARN_ENUM_CONVERSION = YES;
				CLANG_WARN_INFINITE_RECURSION = YES;
				CLANG_WARN_INT_CONVERSION = YES;
				CLANG_WARN_NON_LITERAL_NULL_CONVERSION = YES;
				CLANG_WARN_OBJC_IMPLICIT_RETAIN_SELF = YES;
				CLANG_WARN_OBJC_LITERAL_CONVERSION = YES;
				CLANG_WARN_OBJC_ROOT_CLASS = YES_ERROR;
				CLANG_WARN_RANGE_LOOP_ANALYSIS = YES;
				CLANG_WARN_STRICT_PROTOTYPES = YES;
				CLANG_WARN_SUSPICIOUS_MOVE = YES;
				CLANG_WARN_UNGUARDED_AVAILABILITY = YES_AGGRESSIVE;
				CLANG_WARN_UNREACHABLE_CODE = YES;
				CLANG_WARN__DUPLICATE_METHOD_MATCH = YES;
				COPY_PHASE_STRIP = NO;
				DEBUG_INFORMATION_FORMAT = "dwarf-with-dsym";
				ENABLE_NS_ASSERTIONS = NO;
				ENABLE_STRICT_OBJC_MSGSEND = YES;
				FRAMEWORK_SEARCH_PATHS = "$(SRCROOT)/../ThirdParty/**";
				GCC_C_LANGUAGE_STANDARD = gnu11;
				GCC_NO_COMMON_BLOCKS = YES;
				GCC_WARN_64_TO_32_BIT_CONVERSION = YES;
				GCC_WARN_ABOUT_RETURN_TYPE = YES_ERROR;
				GCC_WARN_UNDECLARED_SELECTOR = YES;
				GCC_WARN_UNINITIALIZED_AUTOS = YES_AGGRESSIVE;
				GCC_WARN_UNUSED_FUNCTION = YES;
				GCC_WARN_UNUSED_VARIABLE = YES;
				HEADER_SEARCH_PATHS = "$(SRCROOT)/../**";
				IPHONEOS_DEPLOYMENT_TARGET = 13.0;
				MTL_ENABLE_DEBUG_INFO = NO;
				MTL_FAST_MATH = YES;
				SDKROOT = iphoneos;
				SWIFT_COMPILATION_MODE = wholemodule;
				SWIFT_OPTIMIZATION_LEVEL = "-O";
				VALIDATE_PRODUCT = YES;
			};
			name = Release;
		};
		AB32FA932337D159002B8F1B /* Debug */ = {
			isa = XCBuildConfiguration;
			buildSettings = {
				CODE_SIGN_STYLE = Automatic;
				FRAMEWORK_SEARCH_PATHS = "";
				OTHER_LDFLAGS = "-ObjC";
				PRODUCT_NAME = "$(TARGET_NAME)";
				SKIP_INSTALL = YES;
				SWIFT_VERSION = 5.0;
				TARGETED_DEVICE_FAMILY = "1,2";
			};
			name = Debug;
		};
		AB32FA942337D159002B8F1B /* Release */ = {
			isa = XCBuildConfiguration;
			buildSettings = {
				CODE_SIGN_STYLE = Automatic;
				FRAMEWORK_SEARCH_PATHS = "";
				OTHER_LDFLAGS = "-ObjC";
				PRODUCT_NAME = "$(TARGET_NAME)";
				SKIP_INSTALL = YES;
				SWIFT_VERSION = 5.0;
				TARGETED_DEVICE_FAMILY = "1,2";
			};
			name = Release;
		};
/* End XCBuildConfiguration section */

/* Begin XCConfigurationList section */
		AB32FA862337D159002B8F1B /* Build configuration list for PBXProject "Core" */ = {
			isa = XCConfigurationList;
			buildConfigurations = (
				AB32FA902337D159002B8F1B /* Debug */,
				AB32FA912337D159002B8F1B /* Release */,
			);
			defaultConfigurationIsVisible = 0;
			defaultConfigurationName = Release;
		};
		AB32FA922337D159002B8F1B /* Build configuration list for PBXNativeTarget "Core" */ = {
			isa = XCConfigurationList;
			buildConfigurations = (
				AB32FA932337D159002B8F1B /* Debug */,
				AB32FA942337D159002B8F1B /* Release */,
			);
			defaultConfigurationIsVisible = 0;
			defaultConfigurationName = Release;
		};
/* End XCConfigurationList section */

/* Begin XCRemoteSwiftPackageReference section */
		AB0D8B812341071400CC5579 /* XCRemoteSwiftPackageReference "DITranquillity" */ = {
			isa = XCRemoteSwiftPackageReference;
			repositoryURL = "https://github.com/ivlevAstef/DITranquillity";
			requirement = {
				kind = upToNextMajorVersion;
				minimumVersion = 3.8.4;
			};
		};
/* End XCRemoteSwiftPackageReference section */

/* Begin XCSwiftPackageProductDependency section */
		AB0D8B822341071400CC5579 /* DITranquillity */ = {
			isa = XCSwiftPackageProductDependency;
			package = AB0D8B812341071400CC5579 /* XCRemoteSwiftPackageReference "DITranquillity" */;
			productName = DITranquillity;
		};
/* End XCSwiftPackageProductDependency section */
	};
	rootObject = AB32FA832337D159002B8F1B /* Project object */;
}
