// !$*UTF8*$!
{
	archiveVersion = 1;
	classes = {
	};
	objectVersion = 50;
	objects = {

/* Begin PBXBuildFile section */
		AB0D8B8A234267C200CC5579 /* MenuScreenPresenter.swift in Sources */ = {isa = PBXBuildFile; fileRef = AB0D8B89234267C200CC5579 /* MenuScreenPresenter.swift */; };
		AB0D8B8E234267E400CC5579 /* MenuScreenView.swift in Sources */ = {isa = PBXBuildFile; fileRef = AB0D8B8D234267E400CC5579 /* MenuScreenView.swift */; };
		AB0D8B90234267FB00CC5579 /* MenuDependency.swift in Sources */ = {isa = PBXBuildFile; fileRef = AB0D8B8F234267FB00CC5579 /* MenuDependency.swift */; };
		AB42347C233F4EB1005A78A8 /* MenuStartPoint.swift in Sources */ = {isa = PBXBuildFile; fileRef = AB42347B233F4EB1005A78A8 /* MenuStartPoint.swift */; };
		AB42347E233F4EBB005A78A8 /* MenuRouter.swift in Sources */ = {isa = PBXBuildFile; fileRef = AB42347D233F4EBB005A78A8 /* MenuRouter.swift */; };
		AB423481233F4EE8005A78A8 /* libCommon.a in Frameworks */ = {isa = PBXBuildFile; fileRef = AB423480233F4EE8005A78A8 /* libCommon.a */; };
		AB423483233F4EE8005A78A8 /* libCore.a in Frameworks */ = {isa = PBXBuildFile; fileRef = AB423482233F4EE8005A78A8 /* libCore.a */; };
		AB423485233F4EE8005A78A8 /* libDesign.a in Frameworks */ = {isa = PBXBuildFile; fileRef = AB423484233F4EE8005A78A8 /* libDesign.a */; };
		AB423487233F4EE8005A78A8 /* libUIComponents.a in Frameworks */ = {isa = PBXBuildFile; fileRef = AB423486233F4EE8005A78A8 /* libUIComponents.a */; };
		AB811FF52365CD81002BB7FA /* MenuCell.swift in Sources */ = {isa = PBXBuildFile; fileRef = AB811FF42365CD81002BB7FA /* MenuCell.swift */; };
		AB811FF72365CF0F002BB7FA /* MenuViewModel.swift in Sources */ = {isa = PBXBuildFile; fileRef = AB811FF62365CF0F002BB7FA /* MenuViewModel.swift */; };
/* End PBXBuildFile section */

/* Begin PBXCopyFilesBuildPhase section */
		AB42346F233F4D77005A78A8 /* CopyFiles */ = {
			isa = PBXCopyFilesBuildPhase;
			buildActionMask = 2147483647;
			dstPath = "include/$(PRODUCT_NAME)";
			dstSubfolderSpec = 16;
			files = (
			);
			runOnlyForDeploymentPostprocessing = 0;
		};
/* End PBXCopyFilesBuildPhase section */

/* Begin PBXFileReference section */
		AB0D8B89234267C200CC5579 /* MenuScreenPresenter.swift */ = {isa = PBXFileReference; lastKnownFileType = sourcecode.swift; path = MenuScreenPresenter.swift; sourceTree = "<group>"; };
		AB0D8B8D234267E400CC5579 /* MenuScreenView.swift */ = {isa = PBXFileReference; lastKnownFileType = sourcecode.swift; path = MenuScreenView.swift; sourceTree = "<group>"; };
		AB0D8B8F234267FB00CC5579 /* MenuDependency.swift */ = {isa = PBXFileReference; lastKnownFileType = sourcecode.swift; path = MenuDependency.swift; sourceTree = "<group>"; };
		AB423471233F4D77005A78A8 /* libMenu.a */ = {isa = PBXFileReference; explicitFileType = archive.ar; includeInIndex = 0; path = libMenu.a; sourceTree = BUILT_PRODUCTS_DIR; };
		AB42347B233F4EB1005A78A8 /* MenuStartPoint.swift */ = {isa = PBXFileReference; lastKnownFileType = sourcecode.swift; path = MenuStartPoint.swift; sourceTree = "<group>"; };
		AB42347D233F4EBB005A78A8 /* MenuRouter.swift */ = {isa = PBXFileReference; lastKnownFileType = sourcecode.swift; path = MenuRouter.swift; sourceTree = "<group>"; };
		AB423480233F4EE8005A78A8 /* libCommon.a */ = {isa = PBXFileReference; explicitFileType = archive.ar; path = libCommon.a; sourceTree = BUILT_PRODUCTS_DIR; };
		AB423482233F4EE8005A78A8 /* libCore.a */ = {isa = PBXFileReference; explicitFileType = archive.ar; path = libCore.a; sourceTree = BUILT_PRODUCTS_DIR; };
		AB423484233F4EE8005A78A8 /* libDesign.a */ = {isa = PBXFileReference; explicitFileType = archive.ar; path = libDesign.a; sourceTree = BUILT_PRODUCTS_DIR; };
		AB423486233F4EE8005A78A8 /* libUIComponents.a */ = {isa = PBXFileReference; explicitFileType = archive.ar; path = libUIComponents.a; sourceTree = BUILT_PRODUCTS_DIR; };
		AB811FF42365CD81002BB7FA /* MenuCell.swift */ = {isa = PBXFileReference; lastKnownFileType = sourcecode.swift; path = MenuCell.swift; sourceTree = "<group>"; };
		AB811FF62365CF0F002BB7FA /* MenuViewModel.swift */ = {isa = PBXFileReference; lastKnownFileType = sourcecode.swift; path = MenuViewModel.swift; sourceTree = "<group>"; };
/* End PBXFileReference section */

/* Begin PBXFrameworksBuildPhase section */
		AB42346E233F4D77005A78A8 /* Frameworks */ = {
			isa = PBXFrameworksBuildPhase;
			buildActionMask = 2147483647;
			files = (
				AB423483233F4EE8005A78A8 /* libCore.a in Frameworks */,
				AB423485233F4EE8005A78A8 /* libDesign.a in Frameworks */,
				AB423481233F4EE8005A78A8 /* libCommon.a in Frameworks */,
				AB423487233F4EE8005A78A8 /* libUIComponents.a in Frameworks */,
			);
			runOnlyForDeploymentPostprocessing = 0;
		};
/* End PBXFrameworksBuildPhase section */

/* Begin PBXGroup section */
		AB0D8B862342633600CC5579 /* menu */ = {
			isa = PBXGroup;
			children = (
				AB0D8B89234267C200CC5579 /* MenuScreenPresenter.swift */,
				AB0D8B8D234267E400CC5579 /* MenuScreenView.swift */,
				AB811FF42365CD81002BB7FA /* MenuCell.swift */,
				AB811FF62365CF0F002BB7FA /* MenuViewModel.swift */,
			);
			path = menu;
			sourceTree = "<group>";
		};
		AB423468233F4D77005A78A8 = {
			isa = PBXGroup;
			children = (
				AB423473233F4D77005A78A8 /* Sources */,
				AB423472233F4D77005A78A8 /* Products */,
				AB42347F233F4EE8005A78A8 /* Frameworks */,
			);
			sourceTree = "<group>";
		};
		AB423472233F4D77005A78A8 /* Products */ = {
			isa = PBXGroup;
			children = (
				AB423471233F4D77005A78A8 /* libMenu.a */,
			);
			name = Products;
			sourceTree = "<group>";
		};
		AB423473233F4D77005A78A8 /* Sources */ = {
			isa = PBXGroup;
			children = (
				AB42347B233F4EB1005A78A8 /* MenuStartPoint.swift */,
				AB42347D233F4EBB005A78A8 /* MenuRouter.swift */,
				AB0D8B8F234267FB00CC5579 /* MenuDependency.swift */,
				AB0D8B862342633600CC5579 /* menu */,
			);
			path = Sources;
			sourceTree = "<group>";
		};
		AB42347F233F4EE8005A78A8 /* Frameworks */ = {
			isa = PBXGroup;
			children = (
				AB423480233F4EE8005A78A8 /* libCommon.a */,
				AB423482233F4EE8005A78A8 /* libCore.a */,
				AB423484233F4EE8005A78A8 /* libDesign.a */,
				AB423486233F4EE8005A78A8 /* libUIComponents.a */,
			);
			name = Frameworks;
			sourceTree = "<group>";
		};
/* End PBXGroup section */

/* Begin PBXNativeTarget section */
		AB423470233F4D77005A78A8 /* Menu */ = {
			isa = PBXNativeTarget;
			buildConfigurationList = AB423478233F4D77005A78A8 /* Build configuration list for PBXNativeTarget "Menu" */;
			buildPhases = (
				AB42346D233F4D77005A78A8 /* Sources */,
				AB42346E233F4D77005A78A8 /* Frameworks */,
				AB42346F233F4D77005A78A8 /* CopyFiles */,
			);
			buildRules = (
			);
			dependencies = (
			);
			name = Menu;
			productName = Menu;
			productReference = AB423471233F4D77005A78A8 /* libMenu.a */;
			productType = "com.apple.product-type.library.static";
		};
/* End PBXNativeTarget section */

/* Begin PBXProject section */
		AB423469233F4D77005A78A8 /* Project object */ = {
			isa = PBXProject;
			attributes = {
				LastSwiftUpdateCheck = 1100;
				LastUpgradeCheck = 1100;
				ORGANIZATIONNAME = ApostleLife;
				TargetAttributes = {
					AB423470233F4D77005A78A8 = {
						CreatedOnToolsVersion = 11.0;
					};
				};
			};
			buildConfigurationList = AB42346C233F4D77005A78A8 /* Build configuration list for PBXProject "Menu" */;
			compatibilityVersion = "Xcode 9.3";
			developmentRegion = en;
			hasScannedForEncodings = 0;
			knownRegions = (
				en,
				Base,
			);
			mainGroup = AB423468233F4D77005A78A8;
			productRefGroup = AB423472233F4D77005A78A8 /* Products */;
			projectDirPath = "";
			projectRoot = "";
			targets = (
				AB423470233F4D77005A78A8 /* Menu */,
			);
		};
/* End PBXProject section */

/* Begin PBXSourcesBuildPhase section */
		AB42346D233F4D77005A78A8 /* Sources */ = {
			isa = PBXSourcesBuildPhase;
			buildActionMask = 2147483647;
			files = (
				AB0D8B8A234267C200CC5579 /* MenuScreenPresenter.swift in Sources */,
				AB811FF72365CF0F002BB7FA /* MenuViewModel.swift in Sources */,
				AB0D8B90234267FB00CC5579 /* MenuDependency.swift in Sources */,
				AB811FF52365CD81002BB7FA /* MenuCell.swift in Sources */,
				AB42347C233F4EB1005A78A8 /* MenuStartPoint.swift in Sources */,
				AB42347E233F4EBB005A78A8 /* MenuRouter.swift in Sources */,
				AB0D8B8E234267E400CC5579 /* MenuScreenView.swift in Sources */,
			);
			runOnlyForDeploymentPostprocessing = 0;
		};
/* End PBXSourcesBuildPhase section */

/* Begin XCBuildConfiguration section */
		AB423476233F4D77005A78A8 /* Debug */ = {
			isa = XCBuildConfiguration;
			buildSettings = {
				ALWAYS_SEARCH_USER_PATHS = NO;
				CLANG_ANALYZER_NONNULL = YES;
				CLANG_ANALYZER_NUMBER_OBJECT_CONVERSION = YES_AGGRESSIVE;
				CLANG_CXX_LANGUAGE_STANDARD = "gnu++14";
				CLANG_CXX_LIBRARY = "libc++";
				CLANG_ENABLE_MODULES = YES;
				CLANG_ENABLE_OBJC_ARC = YES;
				CLANG_ENABLE_OBJC_WEAK = YES;
				CLANG_WARN_BLOCK_CAPTURE_AUTORELEASING = YES;
				CLANG_WARN_BOOL_CONVERSION = YES;
				CLANG_WARN_COMMA = YES;
				CLANG_WARN_CONSTANT_CONVERSION = YES;
				CLANG_WARN_DEPRECATED_OBJC_IMPLEMENTATIONS = YES;
				CLANG_WARN_DIRECT_OBJC_ISA_USAGE = YES_ERROR;
				CLANG_WARN_DOCUMENTATION_COMMENTS = YES;
				CLANG_WARN_EMPTY_BODY = YES;
				CLANG_WARN_ENUM_CONVERSION = YES;
				CLANG_WARN_INFINITE_RECURSION = YES;
				CLANG_WARN_INT_CONVERSION = YES;
				CLANG_WARN_NON_LITERAL_NULL_CONVERSION = YES;
				CLANG_WARN_OBJC_IMPLICIT_RETAIN_SELF = YES;
				CLANG_WARN_OBJC_LITERAL_CONVERSION = YES;
				CLANG_WARN_OBJC_ROOT_CLASS = YES_ERROR;
				CLANG_WARN_RANGE_LOOP_ANALYSIS = YES;
				CLANG_WARN_STRICT_PROTOTYPES = YES;
				CLANG_WARN_SUSPICIOUS_MOVE = YES;
				CLANG_WARN_UNGUARDED_AVAILABILITY = YES_AGGRESSIVE;
				CLANG_WARN_UNREACHABLE_CODE = YES;
				CLANG_WARN__DUPLICATE_METHOD_MATCH = YES;
				COPY_PHASE_STRIP = NO;
				DEBUG_INFORMATION_FORMAT = dwarf;
				ENABLE_STRICT_OBJC_MSGSEND = YES;
				ENABLE_TESTABILITY = YES;
				GCC_C_LANGUAGE_STANDARD = gnu11;
				GCC_DYNAMIC_NO_PIC = NO;
				GCC_NO_COMMON_BLOCKS = YES;
				GCC_OPTIMIZATION_LEVEL = 0;
				GCC_PREPROCESSOR_DEFINITIONS = (
					"DEBUG=1",
					"$(inherited)",
				);
				GCC_WARN_64_TO_32_BIT_CONVERSION = YES;
				GCC_WARN_ABOUT_RETURN_TYPE = YES_ERROR;
				GCC_WARN_UNDECLARED_SELECTOR = YES;
				GCC_WARN_UNINITIALIZED_AUTOS = YES_AGGRESSIVE;
				GCC_WARN_UNUSED_FUNCTION = YES;
				GCC_WARN_UNUSED_VARIABLE = YES;
				IPHONEOS_DEPLOYMENT_TARGET = 13.0;
				MTL_ENABLE_DEBUG_INFO = INCLUDE_SOURCE;
				MTL_FAST_MATH = YES;
				ONLY_ACTIVE_ARCH = YES;
				SDKROOT = iphoneos;
				SWIFT_ACTIVE_COMPILATION_CONDITIONS = DEBUG;
				SWIFT_OPTIMIZATION_LEVEL = "-Onone";
			};
			name = Debug;
		};
		AB423477233F4D77005A78A8 /* Release */ = {
			isa = XCBuildConfiguration;
			buildSettings = {
				ALWAYS_SEARCH_USER_PATHS = NO;
				CLANG_ANALYZER_NONNULL = YES;
				CLANG_ANALYZER_NUMBER_OBJECT_CONVERSION = YES_AGGRESSIVE;
				CLANG_CXX_LANGUAGE_STANDARD = "gnu++14";
				CLANG_CXX_LIBRARY = "libc++";
				CLANG_ENABLE_MODULES = YES;
				CLANG_ENABLE_OBJC_ARC = YES;
				CLANG_ENABLE_OBJC_WEAK = YES;
				CLANG_WARN_BLOCK_CAPTURE_AUTORELEASING = YES;
				CLANG_WARN_BOOL_CONVERSION = YES;
				CLANG_WARN_COMMA = YES;
				CLANG_WARN_CONSTANT_CONVERSION = YES;
				CLANG_WARN_DEPRECATED_OBJC_IMPLEMENTATIONS = YES;
				CLANG_WARN_DIRECT_OBJC_ISA_USAGE = YES_ERROR;
				CLANG_WARN_DOCUMENTATION_COMMENTS = YES;
				CLANG_WARN_EMPTY_BODY = YES;
				CLANG_WARN_ENUM_CONVERSION = YES;
				CLANG_WARN_INFINITE_RECURSION = YES;
				CLANG_WARN_INT_CONVERSION = YES;
				CLANG_WARN_NON_LITERAL_NULL_CONVERSION = YES;
				CLANG_WARN_OBJC_IMPLICIT_RETAIN_SELF = YES;
				CLANG_WARN_OBJC_LITERAL_CONVERSION = YES;
				CLANG_WARN_OBJC_ROOT_CLASS = YES_ERROR;
				CLANG_WARN_RANGE_LOOP_ANALYSIS = YES;
				CLANG_WARN_STRICT_PROTOTYPES = YES;
				CLANG_WARN_SUSPICIOUS_MOVE = YES;
				CLANG_WARN_UNGUARDED_AVAILABILITY = YES_AGGRESSIVE;
				CLANG_WARN_UNREACHABLE_CODE = YES;
				CLANG_WARN__DUPLICATE_METHOD_MATCH = YES;
				COPY_PHASE_STRIP = NO;
				DEBUG_INFORMATION_FORMAT = "dwarf-with-dsym";
				ENABLE_NS_ASSERTIONS = NO;
				ENABLE_STRICT_OBJC_MSGSEND = YES;
				GCC_C_LANGUAGE_STANDARD = gnu11;
				GCC_NO_COMMON_BLOCKS = YES;
				GCC_WARN_64_TO_32_BIT_CONVERSION = YES;
				GCC_WARN_ABOUT_RETURN_TYPE = YES_ERROR;
				GCC_WARN_UNDECLARED_SELECTOR = YES;
				GCC_WARN_UNINITIALIZED_AUTOS = YES_AGGRESSIVE;
				GCC_WARN_UNUSED_FUNCTION = YES;
				GCC_WARN_UNUSED_VARIABLE = YES;
				IPHONEOS_DEPLOYMENT_TARGET = 13.0;
				MTL_ENABLE_DEBUG_INFO = NO;
				MTL_FAST_MATH = YES;
				SDKROOT = iphoneos;
				SWIFT_COMPILATION_MODE = wholemodule;
				SWIFT_OPTIMIZATION_LEVEL = "-O";
				VALIDATE_PRODUCT = YES;
			};
			name = Release;
		};
		AB423479233F4D77005A78A8 /* Debug */ = {
			isa = XCBuildConfiguration;
			buildSettings = {
				CODE_SIGN_STYLE = Automatic;
				OTHER_LDFLAGS = "-ObjC";
				PRODUCT_NAME = "$(TARGET_NAME)";
				SKIP_INSTALL = YES;
				SWIFT_VERSION = 5.0;
				TARGETED_DEVICE_FAMILY = "1,2";
			};
			name = Debug;
		};
		AB42347A233F4D77005A78A8 /* Release */ = {
			isa = XCBuildConfiguration;
			buildSettings = {
				CODE_SIGN_STYLE = Automatic;
				OTHER_LDFLAGS = "-ObjC";
				PRODUCT_NAME = "$(TARGET_NAME)";
				SKIP_INSTALL = YES;
				SWIFT_VERSION = 5.0;
				TARGETED_DEVICE_FAMILY = "1,2";
			};
			name = Release;
		};
/* End XCBuildConfiguration section */

/* Begin XCConfigurationList section */
		AB42346C233F4D77005A78A8 /* Build configuration list for PBXProject "Menu" */ = {
			isa = XCConfigurationList;
			buildConfigurations = (
				AB423476233F4D77005A78A8 /* Debug */,
				AB423477233F4D77005A78A8 /* Release */,
			);
			defaultConfigurationIsVisible = 0;
			defaultConfigurationName = Release;
		};
		AB423478233F4D77005A78A8 /* Build configuration list for PBXNativeTarget "Menu" */ = {
			isa = XCConfigurationList;
			buildConfigurations = (
				AB423479233F4D77005A78A8 /* Debug */,
				AB42347A233F4D77005A78A8 /* Release */,
			);
			defaultConfigurationIsVisible = 0;
			defaultConfigurationName = Release;
		};
/* End XCConfigurationList section */
	};
	rootObject = AB423469233F4D77005A78A8 /* Project object */;
}
