// !$*UTF8*$!
{
	archiveVersion = 1;
	classes = {
	};
	objectVersion = 50;
	objects = {

/* Begin PBXBuildFile section */
		AB0A7D3A2363F2E700A46A90 /* ApViewController.swift in Sources */ = {isa = PBXBuildFile; fileRef = AB0A7D392363F2E700A46A90 /* ApViewController.swift */; };
		AB0A7D3D236542F300A46A90 /* GradientView.swift in Sources */ = {isa = PBXBuildFile; fileRef = AB0A7D3C236542F300A46A90 /* GradientView.swift */; };
		AB0A7D3F2365AA1000A46A90 /* CellView.swift in Sources */ = {isa = PBXBuildFile; fileRef = AB0A7D3E2365AA1000A46A90 /* CellView.swift */; };
		AB0BBF29233A85F80082DDC6 /* libCommon.a in Frameworks */ = {isa = PBXBuildFile; fileRef = AB0BBF28233A85F80082DDC6 /* libCommon.a */; };
		AB0BBF2B233A85F80082DDC6 /* libCore.a in Frameworks */ = {isa = PBXBuildFile; fileRef = AB0BBF2A233A85F80082DDC6 /* libCore.a */; };
		AB0D8B7D2340FDAE00CC5579 /* ChangeableImage.swift in Sources */ = {isa = PBXBuildFile; fileRef = AB0D8B7C2340FDAE00CC5579 /* ChangeableImage.swift */; };
		AB0D8BDD23479D3C00CC5579 /* UIComponentsStartPoint.swift in Sources */ = {isa = PBXBuildFile; fileRef = AB0D8BDC23479D3C00CC5579 /* UIComponentsStartPoint.swift */; };
		AB0D8BE723479DBB00CC5579 /* NavigationController.swift in Sources */ = {isa = PBXBuildFile; fileRef = AB0D8BE523479DBB00CC5579 /* NavigationController.swift */; };
		AB0D8BEA23479E1B00CC5579 /* Screen.swift in Sources */ = {isa = PBXBuildFile; fileRef = AB0D8BE923479E1B00CC5579 /* Screen.swift */; };
		AB0D8BED2348E96A00CC5579 /* INavigationBar.swift in Sources */ = {isa = PBXBuildFile; fileRef = AB0D8BEC2348E96A00CC5579 /* INavigationBar.swift */; };
		AB0D8BEF2348E9B900CC5579 /* StatusNavigationBar.swift in Sources */ = {isa = PBXBuildFile; fileRef = AB0D8BEE2348E9B900CC5579 /* StatusNavigationBar.swift */; };
		AB0D8BF12348F2BF00CC5579 /* NavCenterLabelView.swift in Sources */ = {isa = PBXBuildFile; fileRef = AB0D8BF02348F2BF00CC5579 /* NavCenterLabelView.swift */; };
		AB0D8BF32348FD2900CC5579 /* ScrollNavigationBarController.swift in Sources */ = {isa = PBXBuildFile; fileRef = AB0D8BF22348FD2900CC5579 /* ScrollNavigationBarController.swift */; };
		AB0D8BF5234B96ED00CC5579 /* NavigationBar.swift in Sources */ = {isa = PBXBuildFile; fileRef = AB0D8BF4234B96ED00CC5579 /* NavigationBar.swift */; };
		AB0D8BF7234C311A00CC5579 /* TestAccessoryView.swift in Sources */ = {isa = PBXBuildFile; fileRef = AB0D8BF6234C311A00CC5579 /* TestAccessoryView.swift */; };
		AB0D8BFB234C313E00CC5579 /* TestNavItemView.swift in Sources */ = {isa = PBXBuildFile; fileRef = AB0D8BFA234C313E00CC5579 /* TestNavItemView.swift */; };
		AB0D8BFE234F7C1F00CC5579 /* SearchBarAccessoryView.swift in Sources */ = {isa = PBXBuildFile; fileRef = AB0D8BFD234F7C1F00CC5579 /* SearchBarAccessoryView.swift */; };
		AB423465233F4A2C005A78A8 /* libDesign.a in Frameworks */ = {isa = PBXBuildFile; fileRef = AB423464233F4A2C005A78A8 /* libDesign.a */; };
/* End PBXBuildFile section */

/* Begin PBXCopyFilesBuildPhase section */
		AB5B581F2336B16500E3E61A /* CopyFiles */ = {
			isa = PBXCopyFilesBuildPhase;
			buildActionMask = 2147483647;
			dstPath = "include/$(PRODUCT_NAME)";
			dstSubfolderSpec = 16;
			files = (
			);
			runOnlyForDeploymentPostprocessing = 0;
		};
/* End PBXCopyFilesBuildPhase section */

/* Begin PBXFileReference section */
		AB0A7D392363F2E700A46A90 /* ApViewController.swift */ = {isa = PBXFileReference; lastKnownFileType = sourcecode.swift; path = ApViewController.swift; sourceTree = "<group>"; };
		AB0A7D3C236542F300A46A90 /* GradientView.swift */ = {isa = PBXFileReference; lastKnownFileType = sourcecode.swift; path = GradientView.swift; sourceTree = "<group>"; };
		AB0A7D3E2365AA1000A46A90 /* CellView.swift */ = {isa = PBXFileReference; lastKnownFileType = sourcecode.swift; path = CellView.swift; sourceTree = "<group>"; };
		AB0BBF28233A85F80082DDC6 /* libCommon.a */ = {isa = PBXFileReference; explicitFileType = archive.ar; path = libCommon.a; sourceTree = BUILT_PRODUCTS_DIR; };
		AB0BBF2A233A85F80082DDC6 /* libCore.a */ = {isa = PBXFileReference; explicitFileType = archive.ar; path = libCore.a; sourceTree = BUILT_PRODUCTS_DIR; };
		AB0D8B7C2340FDAE00CC5579 /* ChangeableImage.swift */ = {isa = PBXFileReference; lastKnownFileType = sourcecode.swift; path = ChangeableImage.swift; sourceTree = "<group>"; };
		AB0D8BDC23479D3C00CC5579 /* UIComponentsStartPoint.swift */ = {isa = PBXFileReference; lastKnownFileType = sourcecode.swift; path = UIComponentsStartPoint.swift; sourceTree = "<group>"; };
		AB0D8BE523479DBB00CC5579 /* NavigationController.swift */ = {isa = PBXFileReference; fileEncoding = 4; lastKnownFileType = sourcecode.swift; path = NavigationController.swift; sourceTree = "<group>"; };
		AB0D8BE923479E1B00CC5579 /* Screen.swift */ = {isa = PBXFileReference; fileEncoding = 4; lastKnownFileType = sourcecode.swift; path = Screen.swift; sourceTree = "<group>"; };
		AB0D8BEC2348E96A00CC5579 /* INavigationBar.swift */ = {isa = PBXFileReference; lastKnownFileType = sourcecode.swift; path = INavigationBar.swift; sourceTree = "<group>"; };
		AB0D8BEE2348E9B900CC5579 /* StatusNavigationBar.swift */ = {isa = PBXFileReference; lastKnownFileType = sourcecode.swift; path = StatusNavigationBar.swift; sourceTree = "<group>"; };
		AB0D8BF02348F2BF00CC5579 /* NavCenterLabelView.swift */ = {isa = PBXFileReference; lastKnownFileType = sourcecode.swift; path = NavCenterLabelView.swift; sourceTree = "<group>"; };
		AB0D8BF22348FD2900CC5579 /* ScrollNavigationBarController.swift */ = {isa = PBXFileReference; lastKnownFileType = sourcecode.swift; path = ScrollNavigationBarController.swift; sourceTree = "<group>"; };
		AB0D8BF4234B96ED00CC5579 /* NavigationBar.swift */ = {isa = PBXFileReference; fileEncoding = 4; lastKnownFileType = sourcecode.swift; path = NavigationBar.swift; sourceTree = "<group>"; };
		AB0D8BF6234C311A00CC5579 /* TestAccessoryView.swift */ = {isa = PBXFileReference; lastKnownFileType = sourcecode.swift; path = TestAccessoryView.swift; sourceTree = "<group>"; };
		AB0D8BFA234C313E00CC5579 /* TestNavItemView.swift */ = {isa = PBXFileReference; lastKnownFileType = sourcecode.swift; path = TestNavItemView.swift; sourceTree = "<group>"; };
		AB0D8BFD234F7C1F00CC5579 /* SearchBarAccessoryView.swift */ = {isa = PBXFileReference; lastKnownFileType = sourcecode.swift; path = SearchBarAccessoryView.swift; sourceTree = "<group>"; };
		AB423464233F4A2C005A78A8 /* libDesign.a */ = {isa = PBXFileReference; explicitFileType = archive.ar; path = libDesign.a; sourceTree = BUILT_PRODUCTS_DIR; };
		AB5B58212336B16500E3E61A /* libUIComponents.a */ = {isa = PBXFileReference; explicitFileType = archive.ar; includeInIndex = 0; path = libUIComponents.a; sourceTree = BUILT_PRODUCTS_DIR; };
/* End PBXFileReference section */

/* Begin PBXFrameworksBuildPhase section */
		AB5B581E2336B16500E3E61A /* Frameworks */ = {
			isa = PBXFrameworksBuildPhase;
			buildActionMask = 2147483647;
			files = (
				AB0BBF2B233A85F80082DDC6 /* libCore.a in Frameworks */,
				AB423465233F4A2C005A78A8 /* libDesign.a in Frameworks */,
				AB0BBF29233A85F80082DDC6 /* libCommon.a in Frameworks */,
			);
			runOnlyForDeploymentPostprocessing = 0;
		};
/* End PBXFrameworksBuildPhase section */

/* Begin PBXGroup section */
		AB0A7D3B236542D100A46A90 /* views */ = {
			isa = PBXGroup;
			children = (
				AB0A7D3C236542F300A46A90 /* GradientView.swift */,
				AB0A7D3E2365AA1000A46A90 /* CellView.swift */,
			);
			path = views;
			sourceTree = "<group>";
		};
		AB0BBF27233A85F80082DDC6 /* Frameworks */ = {
			isa = PBXGroup;
			children = (
				AB423464233F4A2C005A78A8 /* libDesign.a */,
				AB0BBF28233A85F80082DDC6 /* libCommon.a */,
				AB0BBF2A233A85F80082DDC6 /* libCore.a */,
			);
			name = Frameworks;
			sourceTree = "<group>";
		};
		AB0D8BDB23479CF700CC5579 /* navigation */ = {
			isa = PBXGroup;
			children = (
				AB0D8BEB2348E95800CC5579 /* navBar */,
				AB0D8BE923479E1B00CC5579 /* Screen.swift */,
				AB0D8BE523479DBB00CC5579 /* NavigationController.swift */,
			);
			path = navigation;
			sourceTree = "<group>";
		};
		AB0D8BEB2348E95800CC5579 /* navBar */ = {
			isa = PBXGroup;
			children = (
				AB0D8BFC234F746000CC5579 /* elements */,
				AB0D8BEC2348E96A00CC5579 /* INavigationBar.swift */,
				AB0D8BF4234B96ED00CC5579 /* NavigationBar.swift */,
				AB0D8BEE2348E9B900CC5579 /* StatusNavigationBar.swift */,
				AB0D8BF22348FD2900CC5579 /* ScrollNavigationBarController.swift */,
			);
			path = navBar;
			sourceTree = "<group>";
		};
		AB0D8BFC234F746000CC5579 /* elements */ = {
			isa = PBXGroup;
			children = (
				AB0D8BFD234F7C1F00CC5579 /* SearchBarAccessoryView.swift */,
				AB0D8BF02348F2BF00CC5579 /* NavCenterLabelView.swift */,
				AB0D8BF6234C311A00CC5579 /* TestAccessoryView.swift */,
				AB0D8BFA234C313E00CC5579 /* TestNavItemView.swift */,
			);
			path = elements;
			sourceTree = "<group>";
		};
		AB5B58182336B16500E3E61A = {
			isa = PBXGroup;
			children = (
				AB5B584D2336B23800E3E61A /* Sources */,
				AB5B58222336B16500E3E61A /* Products */,
				AB0BBF27233A85F80082DDC6 /* Frameworks */,
			);
			sourceTree = "<group>";
		};
		AB5B58222336B16500E3E61A /* Products */ = {
			isa = PBXGroup;
			children = (
				AB5B58212336B16500E3E61A /* libUIComponents.a */,
			);
			name = Products;
			sourceTree = "<group>";
		};
		AB5B584D2336B23800E3E61A /* Sources */ = {
			isa = PBXGroup;
			children = (
				AB0A7D3B236542D100A46A90 /* views */,
				AB0D8BDC23479D3C00CC5579 /* UIComponentsStartPoint.swift */,
				AB0D8BDB23479CF700CC5579 /* navigation */,
				AB5B584E2336B23800E3E61A /* smartpreview */,
				AB0D8B7C2340FDAE00CC5579 /* ChangeableImage.swift */,
				AB0A7D392363F2E700A46A90 /* ApViewController.swift */,
			);
			path = Sources;
			sourceTree = "<group>";
		};
		AB5B584E2336B23800E3E61A /* smartpreview */ = {
			isa = PBXGroup;
			children = (
			);
			path = smartpreview;
			sourceTree = "<group>";
		};
/* End PBXGroup section */

/* Begin PBXNativeTarget section */
		AB5B58202336B16500E3E61A /* UIComponents */ = {
			isa = PBXNativeTarget;
			buildConfigurationList = AB5B58282336B16500E3E61A /* Build configuration list for PBXNativeTarget "UIComponents" */;
			buildPhases = (
				AB5B581D2336B16500E3E61A /* Sources */,
				AB5B581E2336B16500E3E61A /* Frameworks */,
				AB5B581F2336B16500E3E61A /* CopyFiles */,
			);
			buildRules = (
			);
			dependencies = (
			);
			name = UIComponents;
			productName = UIComponents;
			productReference = AB5B58212336B16500E3E61A /* libUIComponents.a */;
			productType = "com.apple.product-type.library.static";
		};
/* End PBXNativeTarget section */

/* Begin PBXProject section */
		AB5B58192336B16500E3E61A /* Project object */ = {
			isa = PBXProject;
			attributes = {
				LastSwiftUpdateCheck = 1030;
				LastUpgradeCheck = 1030;
				ORGANIZATIONNAME = ApostleLife;
				TargetAttributes = {
					AB5B58202336B16500E3E61A = {
						CreatedOnToolsVersion = 10.3;
					};
				};
			};
			buildConfigurationList = AB5B581C2336B16500E3E61A /* Build configuration list for PBXProject "UIComponents" */;
			compatibilityVersion = "Xcode 9.3";
			developmentRegion = en;
			hasScannedForEncodings = 0;
			knownRegions = (
				en,
				Base,
			);
			mainGroup = AB5B58182336B16500E3E61A;
			productRefGroup = AB5B58222336B16500E3E61A /* Products */;
			projectDirPath = "";
			projectRoot = "";
			targets = (
				AB5B58202336B16500E3E61A /* UIComponents */,
			);
		};
/* End PBXProject section */

/* Begin PBXSourcesBuildPhase section */
		AB5B581D2336B16500E3E61A /* Sources */ = {
			isa = PBXSourcesBuildPhase;
			buildActionMask = 2147483647;
			files = (
				AB0D8BEA23479E1B00CC5579 /* Screen.swift in Sources */,
				AB0D8B7D2340FDAE00CC5579 /* ChangeableImage.swift in Sources */,
				AB0D8BE723479DBB00CC5579 /* NavigationController.swift in Sources */,
				AB0A7D3A2363F2E700A46A90 /* ApViewController.swift in Sources */,
				AB0D8BED2348E96A00CC5579 /* INavigationBar.swift in Sources */,
				AB0D8BF12348F2BF00CC5579 /* NavCenterLabelView.swift in Sources */,
				AB0A7D3D236542F300A46A90 /* GradientView.swift in Sources */,
				AB0D8BF5234B96ED00CC5579 /* NavigationBar.swift in Sources */,
				AB0D8BDD23479D3C00CC5579 /* UIComponentsStartPoint.swift in Sources */,
				AB0D8BF7234C311A00CC5579 /* TestAccessoryView.swift in Sources */,
				AB0D8BF32348FD2900CC5579 /* ScrollNavigationBarController.swift in Sources */,
				AB0A7D3F2365AA1000A46A90 /* CellView.swift in Sources */,
				AB0D8BFE234F7C1F00CC5579 /* SearchBarAccessoryView.swift in Sources */,
				AB0D8BFB234C313E00CC5579 /* TestNavItemView.swift in Sources */,
				AB0D8BEF2348E9B900CC5579 /* StatusNavigationBar.swift in Sources */,
			);
			runOnlyForDeploymentPostprocessing = 0;
		};
/* End PBXSourcesBuildPhase section */

/* Begin XCBuildConfiguration section */
		AB5B58262336B16500E3E61A /* Debug */ = {
			isa = XCBuildConfiguration;
			buildSettings = {
				ALWAYS_SEARCH_USER_PATHS = NO;
				CLANG_ANALYZER_NONNULL = YES;
				CLANG_ANALYZER_NUMBER_OBJECT_CONVERSION = YES_AGGRESSIVE;
				CLANG_CXX_LANGUAGE_STANDARD = "gnu++14";
				CLANG_CXX_LIBRARY = "libc++";
				CLANG_ENABLE_MODULES = YES;
				CLANG_ENABLE_OBJC_ARC = YES;
				CLANG_ENABLE_OBJC_WEAK = YES;
				CLANG_WARN_BLOCK_CAPTURE_AUTORELEASING = YES;
				CLANG_WARN_BOOL_CONVERSION = YES;
				CLANG_WARN_COMMA = YES;
				CLANG_WARN_CONSTANT_CONVERSION = YES;
				CLANG_WARN_DEPRECATED_OBJC_IMPLEMENTATIONS = YES;
				CLANG_WARN_DIRECT_OBJC_ISA_USAGE = YES_ERROR;
				CLANG_WARN_DOCUMENTATION_COMMENTS = YES;
				CLANG_WARN_EMPTY_BODY = YES;
				CLANG_WARN_ENUM_CONVERSION = YES;
				CLANG_WARN_INFINITE_RECURSION = YES;
				CLANG_WARN_INT_CONVERSION = YES;
				CLANG_WARN_NON_LITERAL_NULL_CONVERSION = YES;
				CLANG_WARN_OBJC_IMPLICIT_RETAIN_SELF = YES;
				CLANG_WARN_OBJC_LITERAL_CONVERSION = YES;
				CLANG_WARN_OBJC_ROOT_CLASS = YES_ERROR;
				CLANG_WARN_RANGE_LOOP_ANALYSIS = YES;
				CLANG_WARN_STRICT_PROTOTYPES = YES;
				CLANG_WARN_SUSPICIOUS_MOVE = YES;
				CLANG_WARN_UNGUARDED_AVAILABILITY = YES_AGGRESSIVE;
				CLANG_WARN_UNREACHABLE_CODE = YES;
				CLANG_WARN__DUPLICATE_METHOD_MATCH = YES;
				CODE_SIGN_IDENTITY = "iPhone Developer";
				COPY_PHASE_STRIP = NO;
				DEBUG_INFORMATION_FORMAT = dwarf;
				ENABLE_STRICT_OBJC_MSGSEND = YES;
				ENABLE_TESTABILITY = YES;
				FRAMEWORK_SEARCH_PATHS = "$(SRCROOT)/../../ThirdParty/**";
				GCC_C_LANGUAGE_STANDARD = gnu11;
				GCC_DYNAMIC_NO_PIC = NO;
				GCC_NO_COMMON_BLOCKS = YES;
				GCC_OPTIMIZATION_LEVEL = 0;
				GCC_PREPROCESSOR_DEFINITIONS = (
					"DEBUG=1",
					"$(inherited)",
				);
				GCC_WARN_64_TO_32_BIT_CONVERSION = YES;
				GCC_WARN_ABOUT_RETURN_TYPE = YES_ERROR;
				GCC_WARN_UNDECLARED_SELECTOR = YES;
				GCC_WARN_UNINITIALIZED_AUTOS = YES_AGGRESSIVE;
				GCC_WARN_UNUSED_FUNCTION = YES;
				GCC_WARN_UNUSED_VARIABLE = YES;
				HEADER_SEARCH_PATHS = "$(SRCROOT)/../../**";
				IPHONEOS_DEPLOYMENT_TARGET = 13.0;
				MTL_ENABLE_DEBUG_INFO = INCLUDE_SOURCE;
				MTL_FAST_MATH = YES;
				ONLY_ACTIVE_ARCH = YES;
				SDKROOT = iphoneos;
				SWIFT_ACTIVE_COMPILATION_CONDITIONS = DEBUG;
				SWIFT_OPTIMIZATION_LEVEL = "-Onone";
			};
			name = Debug;
		};
		AB5B58272336B16500E3E61A /* Release */ = {
			isa = XCBuildConfiguration;
			buildSettings = {
				ALWAYS_SEARCH_USER_PATHS = NO;
				CLANG_ANALYZER_NONNULL = YES;
				CLANG_ANALYZER_NUMBER_OBJECT_CONVERSION = YES_AGGRESSIVE;
				CLANG_CXX_LANGUAGE_STANDARD = "gnu++14";
				CLANG_CXX_LIBRARY = "libc++";
				CLANG_ENABLE_MODULES = YES;
				CLANG_ENABLE_OBJC_ARC = YES;
				CLANG_ENABLE_OBJC_WEAK = YES;
				CLANG_WARN_BLOCK_CAPTURE_AUTORELEASING = YES;
				CLANG_WARN_BOOL_CONVERSION = YES;
				CLANG_WARN_COMMA = YES;
				CLANG_WARN_CONSTANT_CONVERSION = YES;
				CLANG_WARN_DEPRECATED_OBJC_IMPLEMENTATIONS = YES;
				CLANG_WARN_DIRECT_OBJC_ISA_USAGE = YES_ERROR;
				CLANG_WARN_DOCUMENTATION_COMMENTS = YES;
				CLANG_WARN_EMPTY_BODY = YES;
				CLANG_WARN_ENUM_CONVERSION = YES;
				CLANG_WARN_INFINITE_RECURSION = YES;
				CLANG_WARN_INT_CONVERSION = YES;
				CLANG_WARN_NON_LITERAL_NULL_CONVERSION = YES;
				CLANG_WARN_OBJC_IMPLICIT_RETAIN_SELF = YES;
				CLANG_WARN_OBJC_LITERAL_CONVERSION = YES;
				CLANG_WARN_OBJC_ROOT_CLASS = YES_ERROR;
				CLANG_WARN_RANGE_LOOP_ANALYSIS = YES;
				CLANG_WARN_STRICT_PROTOTYPES = YES;
				CLANG_WARN_SUSPICIOUS_MOVE = YES;
				CLANG_WARN_UNGUARDED_AVAILABILITY = YES_AGGRESSIVE;
				CLANG_WARN_UNREACHABLE_CODE = YES;
				CLANG_WARN__DUPLICATE_METHOD_MATCH = YES;
				CODE_SIGN_IDENTITY = "iPhone Developer";
				COPY_PHASE_STRIP = NO;
				DEBUG_INFORMATION_FORMAT = "dwarf-with-dsym";
				ENABLE_NS_ASSERTIONS = NO;
				ENABLE_STRICT_OBJC_MSGSEND = YES;
				FRAMEWORK_SEARCH_PATHS = "$(SRCROOT)/../../ThirdParty/**";
				GCC_C_LANGUAGE_STANDARD = gnu11;
				GCC_NO_COMMON_BLOCKS = YES;
				GCC_WARN_64_TO_32_BIT_CONVERSION = YES;
				GCC_WARN_ABOUT_RETURN_TYPE = YES_ERROR;
				GCC_WARN_UNDECLARED_SELECTOR = YES;
				GCC_WARN_UNINITIALIZED_AUTOS = YES_AGGRESSIVE;
				GCC_WARN_UNUSED_FUNCTION = YES;
				GCC_WARN_UNUSED_VARIABLE = YES;
				HEADER_SEARCH_PATHS = "$(SRCROOT)/../../**";
				IPHONEOS_DEPLOYMENT_TARGET = 13.0;
				MTL_ENABLE_DEBUG_INFO = NO;
				MTL_FAST_MATH = YES;
				SDKROOT = iphoneos;
				SWIFT_COMPILATION_MODE = wholemodule;
				SWIFT_OPTIMIZATION_LEVEL = "-O";
				VALIDATE_PRODUCT = YES;
			};
			name = Release;
		};
		AB5B58292336B16500E3E61A /* Debug */ = {
			isa = XCBuildConfiguration;
			buildSettings = {
				CODE_SIGN_STYLE = Automatic;
				FRAMEWORK_SEARCH_PATHS = "";
				OTHER_LDFLAGS = "-ObjC";
				PRODUCT_NAME = "$(TARGET_NAME)";
				SKIP_INSTALL = YES;
				SWIFT_VERSION = 5.0;
				TARGETED_DEVICE_FAMILY = "1,2";
			};
			name = Debug;
		};
		AB5B582A2336B16500E3E61A /* Release */ = {
			isa = XCBuildConfiguration;
			buildSettings = {
				CODE_SIGN_STYLE = Automatic;
				FRAMEWORK_SEARCH_PATHS = "";
				OTHER_LDFLAGS = "-ObjC";
				PRODUCT_NAME = "$(TARGET_NAME)";
				SKIP_INSTALL = YES;
				SWIFT_VERSION = 5.0;
				TARGETED_DEVICE_FAMILY = "1,2";
			};
			name = Release;
		};
/* End XCBuildConfiguration section */

/* Begin XCConfigurationList section */
		AB5B581C2336B16500E3E61A /* Build configuration list for PBXProject "UIComponents" */ = {
			isa = XCConfigurationList;
			buildConfigurations = (
				AB5B58262336B16500E3E61A /* Debug */,
				AB5B58272336B16500E3E61A /* Release */,
			);
			defaultConfigurationIsVisible = 0;
			defaultConfigurationName = Release;
		};
		AB5B58282336B16500E3E61A /* Build configuration list for PBXNativeTarget "UIComponents" */ = {
			isa = XCConfigurationList;
			buildConfigurations = (
				AB5B58292336B16500E3E61A /* Debug */,
				AB5B582A2336B16500E3E61A /* Release */,
			);
			defaultConfigurationIsVisible = 0;
			defaultConfigurationName = Release;
		};
/* End XCConfigurationList section */
	};
	rootObject = AB5B58192336B16500E3E61A /* Project object */;
}
